
Microsoft Visual Studio Solution File, Format Version 12.00
# Visual Studio Version 17
VisualStudioVersion = 17.2.32526.322
MinimumVisualStudioVersion = 10.0.40219.1
Project("{FAE04EC0-301F-11D3-BF4B-00C04F79EFBC}") = "RovCode", "RovCode.csproj", "{87A547BA-6B5F-46D6-8F5A-7F2E89826882}"
EndProject
Project("{FAE04EC0-301F-11D3-BF4B-00C04F79EFBC}") = "Client", "..\Client\Client.csproj", "{D9C3E167-C0F9-4BF5-A275-55876AF27138}"
EndProject
Project("{FAE04EC0-301F-11D3-BF4B-00C04F79EFBC}") = "Server", "..\Server\Server.csproj", "{E6B5904F-16A0-4CBD-8E88-F4710C7307B1}"
EndProject
Global
	GlobalSection(SolutionConfigurationPlatforms) = preSolution
		Debug|Any CPU = Debug|Any CPU
		Release|Any CPU = Release|Any CPU
	EndGlobalSection
	GlobalSection(ProjectConfigurationPlatforms) = postSolution
		{87A547BA-6B5F-46D6-8F5A-7F2E89826882}.Debug|Any CPU.ActiveCfg = Debug|Any CPU
		{87A547BA-6B5F-46D6-8F5A-7F2E89826882}.Debug|Any CPU.Build.0 = Debug|Any CPU
		{87A547BA-6B5F-46D6-8F5A-7F2E89826882}.Release|Any CPU.ActiveCfg = Release|Any CPU
		{87A547BA-6B5F-46D6-8F5A-7F2E89826882}.Release|Any CPU.Build.0 = Release|Any CPU
		{D9C3E167-C0F9-4BF5-A275-55876AF27138}.Debug|Any CPU.ActiveCfg = Debug|Any CPU
		{D9C3E167-C0F9-4BF5-A275-55876AF27138}.Debug|Any CPU.Build.0 = Debug|Any CPU
		{D9C3E167-C0F9-4BF5-A275-55876AF27138}.Release|Any CPU.ActiveCfg = Release|Any CPU
		{D9C3E167-C0F9-4BF5-A275-55876AF27138}.Release|Any CPU.Build.0 = Release|Any CPU
		{E6B5904F-16A0-4CBD-8E88-F4710C7307B1}.Debug|Any CPU.ActiveCfg = Debug|Any CPU
		{E6B5904F-16A0-4CBD-8E88-F4710C7307B1}.Debug|Any CPU.Build.0 = Debug|Any CPU
		{E6B5904F-16A0-4CBD-8E88-F4710C7307B1}.Release|Any CPU.ActiveCfg = Release|Any CPU
		{E6B5904F-16A0-4CBD-8E88-F4710C7307B1}.Release|Any CPU.Build.0 = Release|Any CPU
	EndGlobalSection
	GlobalSection(SolutionProperties) = preSolution
		HideSolutionNode = FALSE
	EndGlobalSection
	GlobalSection(ExtensibilityGlobals) = postSolution
		SolutionGuid = {33A47B5F-2873-42C5-AA22-98B6CC9705B0}
	EndGlobalSection
EndGlobal
